{
  "name": "plasma-finance-token-list",
  "version": "1.0.0",
  "lockfileVersion": 1,
  "requires": true,
  "dependencies": {
    "@ethersproject/address": {
      "version": "5.4.0",
      "resolved": "https://registry.npmjs.org/@ethersproject/address/-/address-5.4.0.tgz",
      "integrity": "sha512-SD0VgOEkcACEG/C6xavlU1Hy3m5DGSXW3CUHkaaEHbAPPsgi0coP5oNPsxau8eTlZOk/bpa/hKeCNoK5IzVI2Q==",
      "dev": true,
      "requires": {
        "@ethersproject/bignumber": "^5.4.0",
        "@ethersproject/bytes": "^5.4.0",
        "@ethersproject/keccak256": "^5.4.0",
        "@ethersproject/logger": "^5.4.0",
        "@ethersproject/rlp": "^5.4.0"
      }
    },
    "@ethersproject/bignumber": {
      "version": "5.4.0",
      "resolved": "https://registry.npmjs.org/@ethersproject/bignumber/-/bignumber-5.4.0.tgz",
      "integrity": "sha512-OXUu9f9hO3vGRIPxU40cignXZVaYyfx6j9NNMjebKdnaCL3anCLSSy8/b8d03vY6dh7duCC0kW72GEC4tZer2w==",
      "dev": true,
      "requires": {
        "@ethersproject/bytes": "^5.4.0",
        "@ethersproject/logger": "^5.4.0",
        "bn.js": "^4.11.9"
      }
    },
    "@ethersproject/bytes": {
      "version": "5.4.0",
      "resolved": "https://registry.npmjs.org/@ethersproject/bytes/-/bytes-5.4.0.tgz",
      "integrity": "sha512-H60ceqgTHbhzOj4uRc/83SCN9d+BSUnOkrr2intevqdtEMO1JFVZ1XL84OEZV+QjV36OaZYxtnt4lGmxcGsPfA==",
      "dev": true,
      "requires": {
        "@ethersproject/logger": "^5.4.0"
      }
    },
    "@ethersproject/keccak256": {
      "version": "5.4.0",
      "resolved": "https://registry.npmjs.org/@ethersproject/keccak256/-/keccak256-5.4.0.tgz",
      "integrity": "sha512-FBI1plWet+dPUvAzPAeHzRKiPpETQzqSUWR1wXJGHVWi4i8bOSrpC3NwpkPjgeXG7MnugVc1B42VbfnQikyC/A==",
      "dev": true,
      "requires": {
        "@ethersproject/bytes": "^5.4.0",
        "js-sha3": "0.5.7"
      }
    },
    "@ethersproject/logger": {
      "version": "5.4.0",
      "resolved": "https://registry.npmjs.org/@ethersproject/logger/-/logger-5.4.0.tgz",
      "integrity": "sha512-xYdWGGQ9P2cxBayt64d8LC8aPFJk6yWCawQi/4eJ4+oJdMMjEBMrIcIMZ9AxhwpPVmnBPrsB10PcXGmGAqgUEQ==",
      "dev": true
    },
    "@ethersproject/rlp": {
      "version": "5.4.0",
      "resolved": "https://registry.npmjs.org/@ethersproject/rlp/-/rlp-5.4.0.tgz",
      "integrity": "sha512-0I7MZKfi+T5+G8atId9QaQKHRvvasM/kqLyAH4XxBCBchAooH2EX5rL9kYZWwcm3awYV+XC7VF6nLhfeQFKVPg==",
      "dev": true,
      "requires": {
        "@ethersproject/bytes": "^5.4.0",
        "@ethersproject/logger": "^5.4.0"
      }
    },
    "bn.js": {
      "version": "4.12.0",
      "resolved": "https://registry.npmjs.org/bn.js/-/bn.js-4.12.0.tgz",
      "integrity": "sha512-c98Bf3tPniI+scsdk237ku1Dc3ujXQTSgyiPUDEOe7tRkhrqridvh8klBv0HCEso1OLOYcHuCv/cS6DNxKH+ZA==",
      "dev": true
    },
    "js-sha3": {
      "version": "0.5.7",
      "resolved": "https://registry.npmjs.org/js-sha3/-/js-sha3-0.5.7.tgz",
      "integrity": "sha1-DU/9gALVMzqrr0oj7tL2N0yfKOc=",
      "dev": true
    },
    "node-core-lib": {
      "version": "0.11.11",
      "resolved": "https://registry.npmjs.org/node-core-lib/-/node-core-lib-0.11.11.tgz",
      "integrity": "sha1-BeE0L3ChCCGHZAEBfZyiP+vWZXE="
    }
  }
}
